// !$*UTF8*$!
{
	archiveVersion = 1;
	classes = {
	};
	objectVersion = 46;
	objects = {

/* Begin PBXBuildFile section */
		421F659A13D6F35400CC6D4C /* badges.png in Resources */ = {isa = PBXBuildFile; fileRef = 421F658A13D6F35400CC6D4C /* badges.png */; };
		421F659B13D6F35400CC6D4C /* badges@2x.png in Resources */ = {isa = PBXBuildFile; fileRef = 421F658B13D6F35400CC6D4C /* badges@2x.png */; };
		421F659E13D6F35400CC6D4C /* questions.png in Resources */ = {isa = PBXBuildFile; fileRef = 421F658E13D6F35400CC6D4C /* questions.png */; };
		421F659F13D6F35400CC6D4C /* questions@2x.png in Resources */ = {isa = PBXBuildFile; fileRef = 421F658F13D6F35400CC6D4C /* questions@2x.png */; };
		421F65A213D6F35400CC6D4C /* tags.png in Resources */ = {isa = PBXBuildFile; fileRef = 421F659213D6F35400CC6D4C /* tags.png */; };
		421F65A313D6F35400CC6D4C /* tags@2x.png in Resources */ = {isa = PBXBuildFile; fileRef = 421F659313D6F35400CC6D4C /* tags@2x.png */; };
		421F65A613D6F35400CC6D4C /* users.png in Resources */ = {isa = PBXBuildFile; fileRef = 421F659613D6F35400CC6D4C /* users.png */; };
		421F65CC13D6F67D00CC6D4C /* Question.m in Sources */ = {isa = PBXBuildFile; fileRef = 421F65CB13D6F67D00CC6D4C /* Question.m */; };
		422CD18013EEFAB4009C9852 /* ImageViewController.m in Sources */ = {isa = PBXBuildFile; fileRef = 422CD17F13EEFAB4009C9852 /* ImageViewController.m */; };
		422CD18313EEFDBD009C9852 /* WebViewController.m in Sources */ = {isa = PBXBuildFile; fileRef = 422CD18213EEFDBD009C9852 /* WebViewController.m */; };
		4246A5F613E6D1E500A3B04F /* avatar.png in Resources */ = {isa = PBXBuildFile; fileRef = 4246A5F513E6D1E500A3B04F /* avatar.png */; };
		42499F2D13E98FC40086E64D /* Icon.png in Resources */ = {isa = PBXBuildFile; fileRef = 42499F2C13E98FC40086E64D /* Icon.png */; };
		42499F2F13E98FCC0086E64D /* Icon@2x.png in Resources */ = {isa = PBXBuildFile; fileRef = 42499F2E13E98FCC0086E64D /* Icon@2x.png */; };
		42499F3113E98FE10086E64D /* Icon-72.png in Resources */ = {isa = PBXBuildFile; fileRef = 42499F3013E98FE10086E64D /* Icon-72.png */; };
		425B139C13D6FCC60034F104 /* QuestionViewCell.m in Sources */ = {isa = PBXBuildFile; fileRef = 425B139B13D6FCC60034F104 /* QuestionViewCell.m */; };
		426860B513D85280009C9D63 /* UserDetailsController.m in Sources */ = {isa = PBXBuildFile; fileRef = 426860B413D85280009C9D63 /* UserDetailsController.m */; };
		426C6B6813D6482B00A7B59C /* UserViewCell.m in Sources */ = {isa = PBXBuildFile; fileRef = 426C6B6713D6482B00A7B59C /* UserViewCell.m */; };
		4270165413D5C61D003659AE /* UIKit.framework in Frameworks */ = {isa = PBXBuildFile; fileRef = 4270165313D5C61D003659AE /* UIKit.framework */; };
		4270165613D5C61D003659AE /* Foundation.framework in Frameworks */ = {isa = PBXBuildFile; fileRef = 4270165513D5C61D003659AE /* Foundation.framework */; };
		4270165813D5C61D003659AE /* CoreGraphics.framework in Frameworks */ = {isa = PBXBuildFile; fileRef = 4270165713D5C61D003659AE /* CoreGraphics.framework */; };
		4270165E13D5C61E003659AE /* InfoPlist.strings in Resources */ = {isa = PBXBuildFile; fileRef = 4270165C13D5C61E003659AE /* InfoPlist.strings */; };
		4270166013D5C61E003659AE /* main.m in Sources */ = {isa = PBXBuildFile; fileRef = 4270165F13D5C61E003659AE /* main.m */; };
		4270166413D5C61E003659AE /* SMART3QAAppDelegate.m in Sources */ = {isa = PBXBuildFile; fileRef = 4270166313D5C61E003659AE /* SMART3QAAppDelegate.m */; };
		4270166713D5C61E003659AE /* MainStoryboard_iPhone.storyboard in Resources */ = {isa = PBXBuildFile; fileRef = 4270166513D5C61E003659AE /* MainStoryboard_iPhone.storyboard */; };
		4270166A13D5C61E003659AE /* MainStoryboard_iPad.storyboard in Resources */ = {isa = PBXBuildFile; fileRef = 4270166813D5C61E003659AE /* MainStoryboard_iPad.storyboard */; };
		4270166C13D5C61E003659AE /* QuestionsViewController.h in Resources */ = {isa = PBXBuildFile; fileRef = 4270166B13D5C61E003659AE /* QuestionsViewController.h */; };
		4270166E13D5C61E003659AE /* QuestionsViewController.m in Sources */ = {isa = PBXBuildFile; fileRef = 4270166D13D5C61E003659AE /* QuestionsViewController.m */; };
		4270167413D5C61F003659AE /* UsersViewController.h in Resources */ = {isa = PBXBuildFile; fileRef = 4270167313D5C61F003659AE /* UsersViewController.h */; };
		4270167613D5C61F003659AE /* UsersViewController.m in Sources */ = {isa = PBXBuildFile; fileRef = 4270167513D5C61F003659AE /* UsersViewController.m */; };
		4270169A13D5C7E7003659AE /* NSObject+SBJson.m in Sources */ = {isa = PBXBuildFile; fileRef = 4270168213D5C7E7003659AE /* NSObject+SBJson.m */; settings = {COMPILER_FLAGS = "-fno-objc-arc"; }; };
		4270169B13D5C7E7003659AE /* SBJsonParser.m in Sources */ = {isa = PBXBuildFile; fileRef = 4270168513D5C7E7003659AE /* SBJsonParser.m */; settings = {COMPILER_FLAGS = "-fno-objc-arc"; }; };
		4270169C13D5C7E7003659AE /* SBJsonStreamParser.m in Sources */ = {isa = PBXBuildFile; fileRef = 4270168713D5C7E7003659AE /* SBJsonStreamParser.m */; settings = {COMPILER_FLAGS = "-fno-objc-arc"; }; };
		4270169D13D5C7E7003659AE /* SBJsonStreamParserAccumulator.m in Sources */ = {isa = PBXBuildFile; fileRef = 4270168913D5C7E7003659AE /* SBJsonStreamParserAccumulator.m */; settings = {COMPILER_FLAGS = "-fno-objc-arc"; }; };
		4270169E13D5C7E7003659AE /* SBJsonStreamParserAdapter.m in Sources */ = {isa = PBXBuildFile; fileRef = 4270168B13D5C7E7003659AE /* SBJsonStreamParserAdapter.m */; settings = {COMPILER_FLAGS = "-fno-objc-arc"; }; };
		4270169F13D5C7E7003659AE /* SBJsonStreamParserState.m in Sources */ = {isa = PBXBuildFile; fileRef = 4270168D13D5C7E7003659AE /* SBJsonStreamParserState.m */; settings = {COMPILER_FLAGS = "-fno-objc-arc"; }; };
		427016A013D5C7E7003659AE /* SBJsonStreamWriter.m in Sources */ = {isa = PBXBuildFile; fileRef = 4270168F13D5C7E7003659AE /* SBJsonStreamWriter.m */; settings = {COMPILER_FLAGS = "-fno-objc-arc"; }; };
		427016A113D5C7E7003659AE /* SBJsonStreamWriterAccumulator.m in Sources */ = {isa = PBXBuildFile; fileRef = 4270169113D5C7E7003659AE /* SBJsonStreamWriterAccumulator.m */; settings = {COMPILER_FLAGS = "-fno-objc-arc"; }; };
		427016A213D5C7E7003659AE /* SBJsonStreamWriterState.m in Sources */ = {isa = PBXBuildFile; fileRef = 4270169313D5C7E7003659AE /* SBJsonStreamWriterState.m */; settings = {COMPILER_FLAGS = "-fno-objc-arc"; }; };
		427016A313D5C7E7003659AE /* SBJsonTokeniser.m in Sources */ = {isa = PBXBuildFile; fileRef = 4270169513D5C7E7003659AE /* SBJsonTokeniser.m */; settings = {COMPILER_FLAGS = "-fno-objc-arc"; }; };
		427016A413D5C7E7003659AE /* SBJsonUTF8Stream.m in Sources */ = {isa = PBXBuildFile; fileRef = 4270169713D5C7E7003659AE /* SBJsonUTF8Stream.m */; settings = {COMPILER_FLAGS = "-fno-objc-arc"; }; };
		427016A513D5C7E7003659AE /* SBJsonWriter.m in Sources */ = {isa = PBXBuildFile; fileRef = 4270169913D5C7E7003659AE /* SBJsonWriter.m */; settings = {COMPILER_FLAGS = "-fno-objc-arc"; }; };
		427016AC13D5CCA6003659AE /* User.m in Sources */ = {isa = PBXBuildFile; fileRef = 427016AB13D5CCA6003659AE /* User.m */; };
		4281F30513E44FFD005F661D /* comingsoon.jpg in Resources */ = {isa = PBXBuildFile; fileRef = 4281F30413E44FFD005F661D /* comingsoon.jpg */; };
		4281F30813E4558A005F661D /* questioncount.png in Resources */ = {isa = PBXBuildFile; fileRef = 4281F30713E4558A005F661D /* questioncount.png */; };
		42838BC213DFF80F00389D26 /* questionbaloon.png in Resources */ = {isa = PBXBuildFile; fileRef = 42838BC113DFF80F00389D26 /* questionbaloon.png */; };
		4294545913E94810007B2854 /* tagsneg.png in Resources */ = {isa = PBXBuildFile; fileRef = 4294545713E94810007B2854 /* tagsneg.png */; };
		4294545A13E94810007B2854 /* tagsneg@2x.png in Resources */ = {isa = PBXBuildFile; fileRef = 4294545813E94810007B2854 /* tagsneg@2x.png */; };
		42A4882D13E09E09007316B4 /* Entitlements.plist in Resources */ = {isa = PBXBuildFile; fileRef = 42A4882C13E09E09007316B4 /* Entitlements.plist */; };
		42A4883713E0AE46007316B4 /* tabledivider.png in Resources */ = {isa = PBXBuildFile; fileRef = 42A4883613E0AE46007316B4 /* tabledivider.png */; };
		42A4883A13E0AEE6007316B4 /* QuestionDetailsController.m in Sources */ = {isa = PBXBuildFile; fileRef = 42A4883913E0AEE6007316B4 /* QuestionDetailsController.m */; };
		42BC3F4713E442AF00A7C96C /* Tag.m in Sources */ = {isa = PBXBuildFile; fileRef = 42BC3F4613E442AF00A7C96C /* Tag.m */; };
		42BC7D7D13F1613B00AB93E0 /* questiontitlebar.png in Resources */ = {isa = PBXBuildFile; fileRef = 42BC7D7C13F1613900AB93E0 /* questiontitlebar.png */; };
		42BC7D8013F162A500AB93E0 /* CommentViewController.m in Sources */ = {isa = PBXBuildFile; fileRef = 42BC7D7F13F162A500AB93E0 /* CommentViewController.m */; };
		42CCD8FA13E472A000EFC1F3 /* TagDetailsController.m in Sources */ = {isa = PBXBuildFile; fileRef = 42CCD8F913E472A000EFC1F3 /* TagDetailsController.m */; };
		42D1124813E9CC700082F992 /* TabBarController.m in Sources */ = {isa = PBXBuildFile; fileRef = 42D1124713E9CC700082F992 /* TabBarController.m */; };
		42EA7BC213D88FD400F2B842 /* users@2x.png in Resources */ = {isa = PBXBuildFile; fileRef = 42EA7BC113D88FD400F2B842 /* users@2x.png */; };
		42EA7BCD13D8978D00F2B842 /* facebook.png in Resources */ = {isa = PBXBuildFile; fileRef = 42EA7BC313D8978C00F2B842 /* facebook.png */; };
		42EA7BCE13D8978D00F2B842 /* facebook@2x.png in Resources */ = {isa = PBXBuildFile; fileRef = 42EA7BC413D8978C00F2B842 /* facebook@2x.png */; };
		42EA7BCF13D8978D00F2B842 /* google.png in Resources */ = {isa = PBXBuildFile; fileRef = 42EA7BC513D8978C00F2B842 /* google.png */; };
		42EA7BD013D8978D00F2B842 /* google@2x.png in Resources */ = {isa = PBXBuildFile; fileRef = 42EA7BC613D8978C00F2B842 /* google@2x.png */; };
		42EA7BD113D8978D00F2B842 /* location.png in Resources */ = {isa = PBXBuildFile; fileRef = 42EA7BC713D8978C00F2B842 /* location.png */; };
		42EA7BD213D8978D00F2B842 /* location@2x.png in Resources */ = {isa = PBXBuildFile; fileRef = 42EA7BC813D8978C00F2B842 /* location@2x.png */; };
		42EA7BD313D8978D00F2B842 /* twitter.png in Resources */ = {isa = PBXBuildFile; fileRef = 42EA7BC913D8978C00F2B842 /* twitter.png */; };
		42EA7BD413D8978D00F2B842 /* twitter@2x.png in Resources */ = {isa = PBXBuildFile; fileRef = 42EA7BCA13D8978C00F2B842 /* twitter@2x.png */; };
		42EA7BD513D8978D00F2B842 /* www.png in Resources */ = {isa = PBXBuildFile; fileRef = 42EA7BCB13D8978D00F2B842 /* www.png */; };
		42EA7BD613D8978D00F2B842 /* www@2x.png in Resources */ = {isa = PBXBuildFile; fileRef = 42EA7BCC13D8978D00F2B842 /* www@2x.png */; };
		42F749BE13E44563004D4D70 /* TagsViewController.m in Sources */ = {isa = PBXBuildFile; fileRef = 42F749BD13E44563004D4D70 /* TagsViewController.m */; };
		42F749C113E4470D004D4D70 /* TagViewCell.m in Sources */ = {isa = PBXBuildFile; fileRef = 42F749C013E4470D004D4D70 /* TagViewCell.m */; };
/* End PBXBuildFile section */

/* Begin PBXFileReference section */
		421F658A13D6F35400CC6D4C /* badges.png */ = {isa = PBXFileReference; lastKnownFileType = image.png; name = badges.png; path = ../badges.png; sourceTree = "<group>"; };
		421F658B13D6F35400CC6D4C /* badges@2x.png */ = {isa = PBXFileReference; lastKnownFileType = image.png; name = "badges@2x.png"; path = "../badges@2x.png"; sourceTree = "<group>"; };
		421F658E13D6F35400CC6D4C /* questions.png */ = {isa = PBXFileReference; lastKnownFileType = image.png; name = questions.png; path = ../questions.png; sourceTree = "<group>"; };
		421F658F13D6F35400CC6D4C /* questions@2x.png */ = {isa = PBXFileReference; lastKnownFileType = image.png; name = "questions@2x.png"; path = "../questions@2x.png"; sourceTree = "<group>"; };
		421F659213D6F35400CC6D4C /* tags.png */ = {isa = PBXFileReference; lastKnownFileType = image.png; name = tags.png; path = ../tags.png; sourceTree = "<group>"; };
		421F659313D6F35400CC6D4C /* tags@2x.png */ = {isa = PBXFileReference; lastKnownFileType = image.png; name = "tags@2x.png"; path = "../tags@2x.png"; sourceTree = "<group>"; };
		421F659613D6F35400CC6D4C /* users.png */ = {isa = PBXFileReference; lastKnownFileType = image.png; name = users.png; path = ../users.png; sourceTree = "<group>"; };
		421F65CA13D6F67400CC6D4C /* Question.h */ = {isa = PBXFileReference; fileEncoding = 4; lastKnownFileType = sourcecode.c.h; path = Question.h; sourceTree = "<group>"; };
		421F65CB13D6F67D00CC6D4C /* Question.m */ = {isa = PBXFileReference; fileEncoding = 4; lastKnownFileType = sourcecode.c.objc; path = Question.m; sourceTree = "<group>"; };
		422CD17D13EEFAAC009C9852 /* ImageViewController.h */ = {isa = PBXFileReference; fileEncoding = 4; lastKnownFileType = sourcecode.c.h; path = ImageViewController.h; sourceTree = "<group>"; };
		422CD17F13EEFAB4009C9852 /* ImageViewController.m */ = {isa = PBXFileReference; fileEncoding = 4; lastKnownFileType = sourcecode.c.objc; path = ImageViewController.m; sourceTree = "<group>"; };
		422CD18113EEFD4F009C9852 /* WebViewController.h */ = {isa = PBXFileReference; fileEncoding = 4; lastKnownFileType = sourcecode.c.h; path = WebViewController.h; sourceTree = "<group>"; };
		422CD18213EEFDBD009C9852 /* WebViewController.m */ = {isa = PBXFileReference; fileEncoding = 4; lastKnownFileType = sourcecode.c.objc; path = WebViewController.m; sourceTree = "<group>"; };
		4246A5F513E6D1E500A3B04F /* avatar.png */ = {isa = PBXFileReference; lastKnownFileType = image.png; path = avatar.png; sourceTree = "<group>"; };
		42499F2C13E98FC40086E64D /* Icon.png */ = {isa = PBXFileReference; lastKnownFileType = image.png; path = Icon.png; sourceTree = "<group>"; };
		42499F2E13E98FCC0086E64D /* Icon@2x.png */ = {isa = PBXFileReference; lastKnownFileType = image.png; path = "Icon@2x.png"; sourceTree = "<group>"; };
		42499F3013E98FE10086E64D /* Icon-72.png */ = {isa = PBXFileReference; lastKnownFileType = image.png; path = "Icon-72.png"; sourceTree = "<group>"; };
		425B139913D6FC940034F104 /* QuestionViewCell.h */ = {isa = PBXFileReference; fileEncoding = 4; lastKnownFileType = sourcecode.c.h; path = QuestionViewCell.h; sourceTree = "<group>"; };
		425B139B13D6FCC60034F104 /* QuestionViewCell.m */ = {isa = PBXFileReference; fileEncoding = 4; lastKnownFileType = sourcecode.c.objc; path = QuestionViewCell.m; sourceTree = "<group>"; };
		426860B313D85273009C9D63 /* UserDetailsController.h */ = {isa = PBXFileReference; fileEncoding = 4; lastKnownFileType = sourcecode.c.h; path = UserDetailsController.h; sourceTree = "<group>"; };
		426860B413D85280009C9D63 /* UserDetailsController.m */ = {isa = PBXFileReference; fileEncoding = 4; lastKnownFileType = sourcecode.c.objc; path = UserDetailsController.m; sourceTree = "<group>"; };
		426C6B6513D647E600A7B59C /* UserViewCell.h */ = {isa = PBXFileReference; fileEncoding = 4; lastKnownFileType = sourcecode.c.h; path = UserViewCell.h; sourceTree = "<group>"; };
		426C6B6713D6482B00A7B59C /* UserViewCell.m */ = {isa = PBXFileReference; fileEncoding = 4; lastKnownFileType = sourcecode.c.objc; path = UserViewCell.m; sourceTree = "<group>"; };
		4270164F13D5C61D003659AE /* SMART3QA.app */ = {isa = PBXFileReference; explicitFileType = wrapper.application; includeInIndex = 0; path = SMART3QA.app; sourceTree = BUILT_PRODUCTS_DIR; };
		4270165313D5C61D003659AE /* UIKit.framework */ = {isa = PBXFileReference; lastKnownFileType = wrapper.framework; name = UIKit.framework; path = System/Library/Frameworks/UIKit.framework; sourceTree = SDKROOT; };
		4270165513D5C61D003659AE /* Foundation.framework */ = {isa = PBXFileReference; lastKnownFileType = wrapper.framework; name = Foundation.framework; path = System/Library/Frameworks/Foundation.framework; sourceTree = SDKROOT; };
		4270165713D5C61D003659AE /* CoreGraphics.framework */ = {isa = PBXFileReference; lastKnownFileType = wrapper.framework; name = CoreGraphics.framework; path = System/Library/Frameworks/CoreGraphics.framework; sourceTree = SDKROOT; };
		4270165B13D5C61D003659AE /* SMART3QA-Info.plist */ = {isa = PBXFileReference; lastKnownFileType = text.plist.xml; path = "SMART3QA-Info.plist"; sourceTree = "<group>"; };
		4270165D13D5C61E003659AE /* en */ = {isa = PBXFileReference; lastKnownFileType = text.plist.strings; name = en; path = en.lproj/InfoPlist.strings; sourceTree = "<group>"; };
		4270165F13D5C61E003659AE /* main.m */ = {isa = PBXFileReference; lastKnownFileType = sourcecode.c.objc; path = main.m; sourceTree = "<group>"; };
		4270166113D5C61E003659AE /* SMART3QA-Prefix.pch */ = {isa = PBXFileReference; lastKnownFileType = sourcecode.c.h; path = "SMART3QA-Prefix.pch"; sourceTree = "<group>"; };
		4270166213D5C61E003659AE /* SMART3QAAppDelegate.h */ = {isa = PBXFileReference; lastKnownFileType = sourcecode.c.h; path = SMART3QAAppDelegate.h; sourceTree = "<group>"; };
		4270166313D5C61E003659AE /* SMART3QAAppDelegate.m */ = {isa = PBXFileReference; lastKnownFileType = sourcecode.c.objc; path = SMART3QAAppDelegate.m; sourceTree = "<group>"; };
		4270166613D5C61E003659AE /* en */ = {isa = PBXFileReference; lastKnownFileType = file.storyboard; name = en; path = en.lproj/MainStoryboard_iPhone.storyboard; sourceTree = "<group>"; };
		4270166913D5C61E003659AE /* en */ = {isa = PBXFileReference; lastKnownFileType = file.storyboard; name = en; path = en.lproj/MainStoryboard_iPad.storyboard; sourceTree = "<group>"; };
		4270166B13D5C61E003659AE /* QuestionsViewController.h */ = {isa = PBXFileReference; lastKnownFileType = sourcecode.c.h; path = QuestionsViewController.h; sourceTree = "<group>"; };
		4270166D13D5C61E003659AE /* QuestionsViewController.m */ = {isa = PBXFileReference; lastKnownFileType = sourcecode.c.objc; path = QuestionsViewController.m; sourceTree = "<group>"; };
		4270167313D5C61F003659AE /* UsersViewController.h */ = {isa = PBXFileReference; lastKnownFileType = sourcecode.c.h; path = UsersViewController.h; sourceTree = "<group>"; };
		4270167513D5C61F003659AE /* UsersViewController.m */ = {isa = PBXFileReference; lastKnownFileType = sourcecode.c.objc; path = UsersViewController.m; sourceTree = "<group>"; };
		4270168113D5C7E7003659AE /* NSObject+SBJson.h */ = {isa = PBXFileReference; fileEncoding = 4; lastKnownFileType = sourcecode.c.h; path = "NSObject+SBJson.h"; sourceTree = "<group>"; };
		4270168213D5C7E7003659AE /* NSObject+SBJson.m */ = {isa = PBXFileReference; fileEncoding = 4; lastKnownFileType = sourcecode.c.objc; path = "NSObject+SBJson.m"; sourceTree = "<group>"; };
		4270168313D5C7E7003659AE /* SBJson.h */ = {isa = PBXFileReference; fileEncoding = 4; lastKnownFileType = sourcecode.c.h; path = SBJson.h; sourceTree = "<group>"; };
		4270168413D5C7E7003659AE /* SBJsonParser.h */ = {isa = PBXFileReference; fileEncoding = 4; lastKnownFileType = sourcecode.c.h; path = SBJsonParser.h; sourceTree = "<group>"; };
		4270168513D5C7E7003659AE /* SBJsonParser.m */ = {isa = PBXFileReference; fileEncoding = 4; lastKnownFileType = sourcecode.c.objc; path = SBJsonParser.m; sourceTree = "<group>"; };
		4270168613D5C7E7003659AE /* SBJsonStreamParser.h */ = {isa = PBXFileReference; fileEncoding = 4; lastKnownFileType = sourcecode.c.h; path = SBJsonStreamParser.h; sourceTree = "<group>"; };
		4270168713D5C7E7003659AE /* SBJsonStreamParser.m */ = {isa = PBXFileReference; fileEncoding = 4; lastKnownFileType = sourcecode.c.objc; path = SBJsonStreamParser.m; sourceTree = "<group>"; };
		4270168813D5C7E7003659AE /* SBJsonStreamParserAccumulator.h */ = {isa = PBXFileReference; fileEncoding = 4; lastKnownFileType = sourcecode.c.h; path = SBJsonStreamParserAccumulator.h; sourceTree = "<group>"; };
		4270168913D5C7E7003659AE /* SBJsonStreamParserAccumulator.m */ = {isa = PBXFileReference; fileEncoding = 4; lastKnownFileType = sourcecode.c.objc; path = SBJsonStreamParserAccumulator.m; sourceTree = "<group>"; };
		4270168A13D5C7E7003659AE /* SBJsonStreamParserAdapter.h */ = {isa = PBXFileReference; fileEncoding = 4; lastKnownFileType = sourcecode.c.h; path = SBJsonStreamParserAdapter.h; sourceTree = "<group>"; };
		4270168B13D5C7E7003659AE /* SBJsonStreamParserAdapter.m */ = {isa = PBXFileReference; fileEncoding = 4; lastKnownFileType = sourcecode.c.objc; path = SBJsonStreamParserAdapter.m; sourceTree = "<group>"; };
		4270168C13D5C7E7003659AE /* SBJsonStreamParserState.h */ = {isa = PBXFileReference; fileEncoding = 4; lastKnownFileType = sourcecode.c.h; path = SBJsonStreamParserState.h; sourceTree = "<group>"; };
		4270168D13D5C7E7003659AE /* SBJsonStreamParserState.m */ = {isa = PBXFileReference; fileEncoding = 4; lastKnownFileType = sourcecode.c.objc; path = SBJsonStreamParserState.m; sourceTree = "<group>"; };
		4270168E13D5C7E7003659AE /* SBJsonStreamWriter.h */ = {isa = PBXFileReference; fileEncoding = 4; lastKnownFileType = sourcecode.c.h; path = SBJsonStreamWriter.h; sourceTree = "<group>"; };
		4270168F13D5C7E7003659AE /* SBJsonStreamWriter.m */ = {isa = PBXFileReference; fileEncoding = 4; lastKnownFileType = sourcecode.c.objc; path = SBJsonStreamWriter.m; sourceTree = "<group>"; };
		4270169013D5C7E7003659AE /* SBJsonStreamWriterAccumulator.h */ = {isa = PBXFileReference; fileEncoding = 4; lastKnownFileType = sourcecode.c.h; path = SBJsonStreamWriterAccumulator.h; sourceTree = "<group>"; };
		4270169113D5C7E7003659AE /* SBJsonStreamWriterAccumulator.m */ = {isa = PBXFileReference; fileEncoding = 4; lastKnownFileType = sourcecode.c.objc; path = SBJsonStreamWriterAccumulator.m; sourceTree = "<group>"; };
		4270169213D5C7E7003659AE /* SBJsonStreamWriterState.h */ = {isa = PBXFileReference; fileEncoding = 4; lastKnownFileType = sourcecode.c.h; path = SBJsonStreamWriterState.h; sourceTree = "<group>"; };
		4270169313D5C7E7003659AE /* SBJsonStreamWriterState.m */ = {isa = PBXFileReference; fileEncoding = 4; lastKnownFileType = sourcecode.c.objc; path = SBJsonStreamWriterState.m; sourceTree = "<group>"; };
		4270169413D5C7E7003659AE /* SBJsonTokeniser.h */ = {isa = PBXFileReference; fileEncoding = 4; lastKnownFileType = sourcecode.c.h; path = SBJsonTokeniser.h; sourceTree = "<group>"; };
		4270169513D5C7E7003659AE /* SBJsonTokeniser.m */ = {isa = PBXFileReference; fileEncoding = 4; lastKnownFileType = sourcecode.c.objc; path = SBJsonTokeniser.m; sourceTree = "<group>"; };
		4270169613D5C7E7003659AE /* SBJsonUTF8Stream.h */ = {isa = PBXFileReference; fileEncoding = 4; lastKnownFileType = sourcecode.c.h; path = SBJsonUTF8Stream.h; sourceTree = "<group>"; };
		4270169713D5C7E7003659AE /* SBJsonUTF8Stream.m */ = {isa = PBXFileReference; fileEncoding = 4; lastKnownFileType = sourcecode.c.objc; path = SBJsonUTF8Stream.m; sourceTree = "<group>"; };
		4270169813D5C7E7003659AE /* SBJsonWriter.h */ = {isa = PBXFileReference; fileEncoding = 4; lastKnownFileType = sourcecode.c.h; path = SBJsonWriter.h; sourceTree = "<group>"; };
		4270169913D5C7E7003659AE /* SBJsonWriter.m */ = {isa = PBXFileReference; fileEncoding = 4; lastKnownFileType = sourcecode.c.objc; path = SBJsonWriter.m; sourceTree = "<group>"; };
		427016AA13D5CC96003659AE /* User.h */ = {isa = PBXFileReference; fileEncoding = 4; lastKnownFileType = sourcecode.c.h; path = User.h; sourceTree = "<group>"; };
		427016AB13D5CCA6003659AE /* User.m */ = {isa = PBXFileReference; fileEncoding = 4; lastKnownFileType = sourcecode.c.objc; path = User.m; sourceTree = "<group>"; };
		4281F30413E44FFD005F661D /* comingsoon.jpg */ = {isa = PBXFileReference; lastKnownFileType = image.jpeg; path = comingsoon.jpg; sourceTree = "<group>"; };
		4281F30713E4558A005F661D /* questioncount.png */ = {isa = PBXFileReference; lastKnownFileType = image.png; path = questioncount.png; sourceTree = "<group>"; };
		4281F30913E471CF005F661D /* TagDetailsController.h */ = {isa = PBXFileReference; fileEncoding = 4; lastKnownFileType = sourcecode.c.h; path = TagDetailsController.h; sourceTree = "<group>"; };
		42838BC113DFF80F00389D26 /* questionbaloon.png */ = {isa = PBXFileReference; lastKnownFileType = image.png; path = questionbaloon.png; sourceTree = "<group>"; };
		4294545713E94810007B2854 /* tagsneg.png */ = {isa = PBXFileReference; lastKnownFileType = image.png; path = tagsneg.png; sourceTree = "<group>"; };
		4294545813E94810007B2854 /* tagsneg@2x.png */ = {isa = PBXFileReference; lastKnownFileType = image.png; path = "tagsneg@2x.png"; sourceTree = "<group>"; };
		42A4882C13E09E09007316B4 /* Entitlements.plist */ = {isa = PBXFileReference; fileEncoding = 4; lastKnownFileType = text.plist.xml; path = Entitlements.plist; sourceTree = "<group>"; };
		42A4883613E0AE46007316B4 /* tabledivider.png */ = {isa = PBXFileReference; lastKnownFileType = image.png; path = tabledivider.png; sourceTree = "<group>"; };
		42A4883813E0AED9007316B4 /* QuestionDetailsController.h */ = {isa = PBXFileReference; fileEncoding = 4; lastKnownFileType = sourcecode.c.h; path = QuestionDetailsController.h; sourceTree = "<group>"; };
		42A4883913E0AEE6007316B4 /* QuestionDetailsController.m */ = {isa = PBXFileReference; fileEncoding = 4; lastKnownFileType = sourcecode.c.objc; path = QuestionDetailsController.m; sourceTree = "<group>"; };
		42BC3F4413E4423800A7C96C /* Tag.h */ = {isa = PBXFileReference; fileEncoding = 4; lastKnownFileType = sourcecode.c.h; path = Tag.h; sourceTree = "<group>"; };
		42BC3F4613E442AF00A7C96C /* Tag.m */ = {isa = PBXFileReference; fileEncoding = 4; lastKnownFileType = sourcecode.c.objc; path = Tag.m; sourceTree = "<group>"; };
		42BC7D7C13F1613900AB93E0 /* questiontitlebar.png */ = {isa = PBXFileReference; lastKnownFileType = image.png; path = questiontitlebar.png; sourceTree = "<group>"; };
		42BC7D7E13F1628900AB93E0 /* CommentViewController.h */ = {isa = PBXFileReference; fileEncoding = 4; lastKnownFileType = sourcecode.c.h; path = CommentViewController.h; sourceTree = "<group>"; };
		42BC7D7F13F162A500AB93E0 /* CommentViewController.m */ = {isa = PBXFileReference; fileEncoding = 4; lastKnownFileType = sourcecode.c.objc; path = CommentViewController.m; sourceTree = "<group>"; };
		42CCD8F913E472A000EFC1F3 /* TagDetailsController.m */ = {isa = PBXFileReference; fileEncoding = 4; lastKnownFileType = sourcecode.c.objc; path = TagDetailsController.m; sourceTree = "<group>"; };
		42D1124513E9CC540082F992 /* TabBarController.h */ = {isa = PBXFileReference; fileEncoding = 4; lastKnownFileType = sourcecode.c.h; path = TabBarController.h; sourceTree = "<group>"; };
		42D1124713E9CC700082F992 /* TabBarController.m */ = {isa = PBXFileReference; fileEncoding = 4; lastKnownFileType = sourcecode.c.objc; path = TabBarController.m; sourceTree = "<group>"; };
		42EA7BC113D88FD400F2B842 /* users@2x.png */ = {isa = PBXFileReference; lastKnownFileType = image.png; name = "users@2x.png"; path = "../users@2x.png"; sourceTree = "<group>"; };
		42EA7BC313D8978C00F2B842 /* facebook.png */ = {isa = PBXFileReference; lastKnownFileType = image.png; name = facebook.png; path = ../facebook.png; sourceTree = "<group>"; };
		42EA7BC413D8978C00F2B842 /* facebook@2x.png */ = {isa = PBXFileReference; lastKnownFileType = image.png; name = "facebook@2x.png"; path = "../facebook@2x.png"; sourceTree = "<group>"; };
		42EA7BC513D8978C00F2B842 /* google.png */ = {isa = PBXFileReference; lastKnownFileType = image.png; name = google.png; path = ../google.png; sourceTree = "<group>"; };
		42EA7BC613D8978C00F2B842 /* google@2x.png */ = {isa = PBXFileReference; lastKnownFileType = image.png; name = "google@2x.png"; path = "../google@2x.png"; sourceTree = "<group>"; };
		42EA7BC713D8978C00F2B842 /* location.png */ = {isa = PBXFileReference; lastKnownFileType = image.png; name = location.png; path = ../location.png; sourceTree = "<group>"; };
		42EA7BC813D8978C00F2B842 /* location@2x.png */ = {isa = PBXFileReference; lastKnownFileType = image.png; name = "location@2x.png"; path = "../location@2x.png"; sourceTree = "<group>"; };
		42EA7BC913D8978C00F2B842 /* twitter.png */ = {isa = PBXFileReference; lastKnownFileType = image.png; name = twitter.png; path = ../twitter.png; sourceTree = "<group>"; };
		42EA7BCA13D8978C00F2B842 /* twitter@2x.png */ = {isa = PBXFileReference; lastKnownFileType = image.png; name = "twitter@2x.png"; path = "../twitter@2x.png"; sourceTree = "<group>"; };
		42EA7BCB13D8978D00F2B842 /* www.png */ = {isa = PBXFileReference; lastKnownFileType = image.png; name = www.png; path = ../www.png; sourceTree = "<group>"; };
		42EA7BCC13D8978D00F2B842 /* www@2x.png */ = {isa = PBXFileReference; lastKnownFileType = image.png; name = "www@2x.png"; path = "../www@2x.png"; sourceTree = "<group>"; };
		42F749BB13E4452B004D4D70 /* TagsViewController.h */ = {isa = PBXFileReference; fileEncoding = 4; lastKnownFileType = sourcecode.c.h; path = TagsViewController.h; sourceTree = "<group>"; };
		42F749BD13E44563004D4D70 /* TagsViewController.m */ = {isa = PBXFileReference; fileEncoding = 4; lastKnownFileType = sourcecode.c.objc; path = TagsViewController.m; sourceTree = "<group>"; };
		42F749BF13E446B3004D4D70 /* TagViewCell.h */ = {isa = PBXFileReference; fileEncoding = 4; lastKnownFileType = sourcecode.c.h; path = TagViewCell.h; sourceTree = "<group>"; };
		42F749C013E4470D004D4D70 /* TagViewCell.m */ = {isa = PBXFileReference; fileEncoding = 4; lastKnownFileType = sourcecode.c.objc; path = TagViewCell.m; sourceTree = "<group>"; };
/* End PBXFileReference section */

/* Begin PBXFrameworksBuildPhase section */
		4270164C13D5C61D003659AE /* Frameworks */ = {
			isa = PBXFrameworksBuildPhase;
			buildActionMask = 2147483647;
			files = (
				4270165413D5C61D003659AE /* UIKit.framework in Frameworks */,
				4270165613D5C61D003659AE /* Foundation.framework in Frameworks */,
				4270165813D5C61D003659AE /* CoreGraphics.framework in Frameworks */,
			);
			runOnlyForDeploymentPostprocessing = 0;
		};
/* End PBXFrameworksBuildPhase section */

/* Begin PBXGroup section */
		4270164413D5C61D003659AE = {
			isa = PBXGroup;
			children = (
				42499F3013E98FE10086E64D /* Icon-72.png */,
				42499F2E13E98FCC0086E64D /* Icon@2x.png */,
				42499F2C13E98FC40086E64D /* Icon.png */,
				42A4882C13E09E09007316B4 /* Entitlements.plist */,
				4270165913D5C61D003659AE /* SMART3QA */,
				4270165213D5C61D003659AE /* Frameworks */,
				4270165013D5C61D003659AE /* Products */,
			);
			sourceTree = "<group>";
		};
		4270165013D5C61D003659AE /* Products */ = {
			isa = PBXGroup;
			children = (
				4270164F13D5C61D003659AE /* SMART3QA.app */,
			);
			name = Products;
			sourceTree = "<group>";
		};
		4270165213D5C61D003659AE /* Frameworks */ = {
			isa = PBXGroup;
			children = (
				4270165313D5C61D003659AE /* UIKit.framework */,
				4270165513D5C61D003659AE /* Foundation.framework */,
				4270165713D5C61D003659AE /* CoreGraphics.framework */,
			);
			name = Frameworks;
			sourceTree = "<group>";
		};
		4270165913D5C61D003659AE /* SMART3QA */ = {
			isa = PBXGroup;
			children = (
				4270168013D5C7E7003659AE /* SBJSON */,
				4270166213D5C61E003659AE /* SMART3QAAppDelegate.h */,
				4270166313D5C61E003659AE /* SMART3QAAppDelegate.m */,
				42D1124513E9CC540082F992 /* TabBarController.h */,
				42D1124713E9CC700082F992 /* TabBarController.m */,
				421F65CA13D6F67400CC6D4C /* Question.h */,
				421F65CB13D6F67D00CC6D4C /* Question.m */,
				4270166B13D5C61E003659AE /* QuestionsViewController.h */,
				4270166D13D5C61E003659AE /* QuestionsViewController.m */,
				425B139913D6FC940034F104 /* QuestionViewCell.h */,
				425B139B13D6FCC60034F104 /* QuestionViewCell.m */,
				42A4883813E0AED9007316B4 /* QuestionDetailsController.h */,
				42A4883913E0AEE6007316B4 /* QuestionDetailsController.m */,
				427016AA13D5CC96003659AE /* User.h */,
				427016AB13D5CCA6003659AE /* User.m */,
				4270167313D5C61F003659AE /* UsersViewController.h */,
				4270167513D5C61F003659AE /* UsersViewController.m */,
				426C6B6513D647E600A7B59C /* UserViewCell.h */,
				426C6B6713D6482B00A7B59C /* UserViewCell.m */,
				426860B313D85273009C9D63 /* UserDetailsController.h */,
				426860B413D85280009C9D63 /* UserDetailsController.m */,
				42BC3F4413E4423800A7C96C /* Tag.h */,
				42BC3F4613E442AF00A7C96C /* Tag.m */,
				42F749BB13E4452B004D4D70 /* TagsViewController.h */,
				42F749BD13E44563004D4D70 /* TagsViewController.m */,
				42F749BF13E446B3004D4D70 /* TagViewCell.h */,
				42F749C013E4470D004D4D70 /* TagViewCell.m */,
				4281F30913E471CF005F661D /* TagDetailsController.h */,
				42CCD8F913E472A000EFC1F3 /* TagDetailsController.m */,
				42BC7D7E13F1628900AB93E0 /* CommentViewController.h */,
				42BC7D7F13F162A500AB93E0 /* CommentViewController.m */,
				4270166513D5C61E003659AE /* MainStoryboard_iPhone.storyboard */,
				4270166813D5C61E003659AE /* MainStoryboard_iPad.storyboard */,
				422CD17D13EEFAAC009C9852 /* ImageViewController.h */,
				422CD17F13EEFAB4009C9852 /* ImageViewController.m */,
				422CD18113EEFD4F009C9852 /* WebViewController.h */,
				422CD18213EEFDBD009C9852 /* WebViewController.m */,
				4270165A13D5C61D003659AE /* Supporting Files */,
				4281F30413E44FFD005F661D /* comingsoon.jpg */,
				4246A5F513E6D1E500A3B04F /* avatar.png */,
				421F658A13D6F35400CC6D4C /* badges.png */,
				421F658B13D6F35400CC6D4C /* badges@2x.png */,
				421F658E13D6F35400CC6D4C /* questions.png */,
				421F658F13D6F35400CC6D4C /* questions@2x.png */,
				421F659213D6F35400CC6D4C /* tags.png */,
				421F659313D6F35400CC6D4C /* tags@2x.png */,
				4294545713E94810007B2854 /* tagsneg.png */,
				4294545813E94810007B2854 /* tagsneg@2x.png */,
				42EA7BC613D8978C00F2B842 /* google@2x.png */,
				421F659613D6F35400CC6D4C /* users.png */,
				42EA7BC113D88FD400F2B842 /* users@2x.png */,
				42EA7BC313D8978C00F2B842 /* facebook.png */,
				42EA7BC413D8978C00F2B842 /* facebook@2x.png */,
				42EA7BC513D8978C00F2B842 /* google.png */,
				42EA7BC713D8978C00F2B842 /* location.png */,
				42EA7BC813D8978C00F2B842 /* location@2x.png */,
				4281F30713E4558A005F661D /* questioncount.png */,
				42838BC113DFF80F00389D26 /* questionbaloon.png */,
				42BC7D7C13F1613900AB93E0 /* questiontitlebar.png */,
				42A4883613E0AE46007316B4 /* tabledivider.png */,
				42EA7BC913D8978C00F2B842 /* twitter.png */,
				42EA7BCA13D8978C00F2B842 /* twitter@2x.png */,
				42EA7BCB13D8978D00F2B842 /* www.png */,
				42EA7BCC13D8978D00F2B842 /* www@2x.png */,
			);
			path = SMART3QA;
			sourceTree = "<group>";
		};
		4270165A13D5C61D003659AE /* Supporting Files */ = {
			isa = PBXGroup;
			children = (
				4270165B13D5C61D003659AE /* SMART3QA-Info.plist */,
				4270165C13D5C61E003659AE /* InfoPlist.strings */,
				4270165F13D5C61E003659AE /* main.m */,
				4270166113D5C61E003659AE /* SMART3QA-Prefix.pch */,
			);
			name = "Supporting Files";
			sourceTree = "<group>";
		};
		4270168013D5C7E7003659AE /* SBJSON */ = {
			isa = PBXGroup;
			children = (
				4270168113D5C7E7003659AE /* NSObject+SBJson.h */,
				4270168213D5C7E7003659AE /* NSObject+SBJson.m */,
				4270168313D5C7E7003659AE /* SBJson.h */,
				4270168413D5C7E7003659AE /* SBJsonParser.h */,
				4270168513D5C7E7003659AE /* SBJsonParser.m */,
				4270168613D5C7E7003659AE /* SBJsonStreamParser.h */,
				4270168713D5C7E7003659AE /* SBJsonStreamParser.m */,
				4270168813D5C7E7003659AE /* SBJsonStreamParserAccumulator.h */,
				4270168913D5C7E7003659AE /* SBJsonStreamParserAccumulator.m */,
				4270168A13D5C7E7003659AE /* SBJsonStreamParserAdapter.h */,
				4270168B13D5C7E7003659AE /* SBJsonStreamParserAdapter.m */,
				4270168C13D5C7E7003659AE /* SBJsonStreamParserState.h */,
				4270168D13D5C7E7003659AE /* SBJsonStreamParserState.m */,
				4270168E13D5C7E7003659AE /* SBJsonStreamWriter.h */,
				4270168F13D5C7E7003659AE /* SBJsonStreamWriter.m */,
				4270169013D5C7E7003659AE /* SBJsonStreamWriterAccumulator.h */,
				4270169113D5C7E7003659AE /* SBJsonStreamWriterAccumulator.m */,
				4270169213D5C7E7003659AE /* SBJsonStreamWriterState.h */,
				4270169313D5C7E7003659AE /* SBJsonStreamWriterState.m */,
				4270169413D5C7E7003659AE /* SBJsonTokeniser.h */,
				4270169513D5C7E7003659AE /* SBJsonTokeniser.m */,
				4270169613D5C7E7003659AE /* SBJsonUTF8Stream.h */,
				4270169713D5C7E7003659AE /* SBJsonUTF8Stream.m */,
				4270169813D5C7E7003659AE /* SBJsonWriter.h */,
				4270169913D5C7E7003659AE /* SBJsonWriter.m */,
			);
			path = SBJSON;
			sourceTree = "<group>";
		};
/* End PBXGroup section */

/* Begin PBXNativeTarget section */
		4270164E13D5C61D003659AE /* SMART3QA */ = {
			isa = PBXNativeTarget;
			buildConfigurationList = 4270167D13D5C61F003659AE /* Build configuration list for PBXNativeTarget "SMART3QA" */;
			buildPhases = (
				4270164B13D5C61D003659AE /* Sources */,
				4270164C13D5C61D003659AE /* Frameworks */,
				4270164D13D5C61D003659AE /* Resources */,
			);
			buildRules = (
			);
			dependencies = (
			);
			name = SMART3QA;
			productName = SMART3QA;
			productReference = 4270164F13D5C61D003659AE /* SMART3QA.app */;
			productType = "com.apple.product-type.application";
		};
/* End PBXNativeTarget section */

/* Begin PBXProject section */
		4270164613D5C61D003659AE /* Project object */ = {
			isa = PBXProject;
			attributes = {
				LastUpgradeCheck = 0420;
				ORGANIZATIONNAME = "";
			};
			buildConfigurationList = 4270164913D5C61D003659AE /* Build configuration list for PBXProject "SMART3QA" */;
			compatibilityVersion = "Xcode 3.2";
			developmentRegion = English;
			hasScannedForEncodings = 0;
			knownRegions = (
				en,
			);
			mainGroup = 4270164413D5C61D003659AE;
			productRefGroup = 4270165013D5C61D003659AE /* Products */;
			projectDirPath = "";
			projectRoot = "";
			targets = (
				4270164E13D5C61D003659AE /* SMART3QA */,
			);
		};
/* End PBXProject section */

/* Begin PBXResourcesBuildPhase section */
		4270164D13D5C61D003659AE /* Resources */ = {
			isa = PBXResourcesBuildPhase;
			buildActionMask = 2147483647;
			files = (
				4270165E13D5C61E003659AE /* InfoPlist.strings in Resources */,
				4270166713D5C61E003659AE /* MainStoryboard_iPhone.storyboard in Resources */,
				4270166A13D5C61E003659AE /* MainStoryboard_iPad.storyboard in Resources */,
				4270166C13D5C61E003659AE /* QuestionsViewController.h in Resources */,
				4270167413D5C61F003659AE /* UsersViewController.h in Resources */,
				421F659A13D6F35400CC6D4C /* badges.png in Resources */,
				421F659B13D6F35400CC6D4C /* badges@2x.png in Resources */,
				421F659E13D6F35400CC6D4C /* questions.png in Resources */,
				421F659F13D6F35400CC6D4C /* questions@2x.png in Resources */,
				421F65A213D6F35400CC6D4C /* tags.png in Resources */,
				421F65A313D6F35400CC6D4C /* tags@2x.png in Resources */,
				421F65A613D6F35400CC6D4C /* users.png in Resources */,
				42EA7BC213D88FD400F2B842 /* users@2x.png in Resources */,
				42EA7BCD13D8978D00F2B842 /* facebook.png in Resources */,
				42EA7BCE13D8978D00F2B842 /* facebook@2x.png in Resources */,
				42EA7BCF13D8978D00F2B842 /* google.png in Resources */,
				42EA7BD013D8978D00F2B842 /* google@2x.png in Resources */,
				42EA7BD113D8978D00F2B842 /* location.png in Resources */,
				42EA7BD213D8978D00F2B842 /* location@2x.png in Resources */,
				42EA7BD313D8978D00F2B842 /* twitter.png in Resources */,
				42EA7BD413D8978D00F2B842 /* twitter@2x.png in Resources */,
				42EA7BD513D8978D00F2B842 /* www.png in Resources */,
				42EA7BD613D8978D00F2B842 /* www@2x.png in Resources */,
				42838BC213DFF80F00389D26 /* questionbaloon.png in Resources */,
				42A4882D13E09E09007316B4 /* Entitlements.plist in Resources */,
				42A4883713E0AE46007316B4 /* tabledivider.png in Resources */,
				4281F30513E44FFD005F661D /* comingsoon.jpg in Resources */,
				4281F30813E4558A005F661D /* questioncount.png in Resources */,
				4246A5F613E6D1E500A3B04F /* avatar.png in Resources */,
				4294545913E94810007B2854 /* tagsneg.png in Resources */,
				4294545A13E94810007B2854 /* tagsneg@2x.png in Resources */,
				42499F2D13E98FC40086E64D /* Icon.png in Resources */,
				42499F2F13E98FCC0086E64D /* Icon@2x.png in Resources */,
				42499F3113E98FE10086E64D /* Icon-72.png in Resources */,
				42BC7D7D13F1613B00AB93E0 /* questiontitlebar.png in Resources */,
			);
			runOnlyForDeploymentPostprocessing = 0;
		};
/* End PBXResourcesBuildPhase section */

/* Begin PBXSourcesBuildPhase section */
		4270164B13D5C61D003659AE /* Sources */ = {
			isa = PBXSourcesBuildPhase;
			buildActionMask = 2147483647;
			files = (
				4270166013D5C61E003659AE /* main.m in Sources */,
				4270166413D5C61E003659AE /* SMART3QAAppDelegate.m in Sources */,
				4270166E13D5C61E003659AE /* QuestionsViewController.m in Sources */,
				4270167613D5C61F003659AE /* UsersViewController.m in Sources */,
				4270169A13D5C7E7003659AE /* NSObject+SBJson.m in Sources */,
				4270169B13D5C7E7003659AE /* SBJsonParser.m in Sources */,
				4270169C13D5C7E7003659AE /* SBJsonStreamParser.m in Sources */,
				4270169D13D5C7E7003659AE /* SBJsonStreamParserAccumulator.m in Sources */,
				4270169E13D5C7E7003659AE /* SBJsonStreamParserAdapter.m in Sources */,
				4270169F13D5C7E7003659AE /* SBJsonStreamParserState.m in Sources */,
				427016A013D5C7E7003659AE /* SBJsonStreamWriter.m in Sources */,
				427016A113D5C7E7003659AE /* SBJsonStreamWriterAccumulator.m in Sources */,
				427016A213D5C7E7003659AE /* SBJsonStreamWriterState.m in Sources */,
				427016A313D5C7E7003659AE /* SBJsonTokeniser.m in Sources */,
				427016A413D5C7E7003659AE /* SBJsonUTF8Stream.m in Sources */,
				427016A513D5C7E7003659AE /* SBJsonWriter.m in Sources */,
				427016AC13D5CCA6003659AE /* User.m in Sources */,
				426C6B6813D6482B00A7B59C /* UserViewCell.m in Sources */,
				421F65CC13D6F67D00CC6D4C /* Question.m in Sources */,
				425B139C13D6FCC60034F104 /* QuestionViewCell.m in Sources */,
				426860B513D85280009C9D63 /* UserDetailsController.m in Sources */,
				42A4883A13E0AEE6007316B4 /* QuestionDetailsController.m in Sources */,
				42BC3F4713E442AF00A7C96C /* Tag.m in Sources */,
				42F749BE13E44563004D4D70 /* TagsViewController.m in Sources */,
				42F749C113E4470D004D4D70 /* TagViewCell.m in Sources */,
				42CCD8FA13E472A000EFC1F3 /* TagDetailsController.m in Sources */,
				42D1124813E9CC700082F992 /* TabBarController.m in Sources */,
				422CD18013EEFAB4009C9852 /* ImageViewController.m in Sources */,
				422CD18313EEFDBD009C9852 /* WebViewController.m in Sources */,
				42BC7D8013F162A500AB93E0 /* CommentViewController.m in Sources */,
			);
			runOnlyForDeploymentPostprocessing = 0;
		};
/* End PBXSourcesBuildPhase section */

/* Begin PBXVariantGroup section */
		4270165C13D5C61E003659AE /* InfoPlist.strings */ = {
			isa = PBXVariantGroup;
			children = (
				4270165D13D5C61E003659AE /* en */,
			);
			name = InfoPlist.strings;
			sourceTree = "<group>";
		};
		4270166513D5C61E003659AE /* MainStoryboard_iPhone.storyboard */ = {
			isa = PBXVariantGroup;
			children = (
				4270166613D5C61E003659AE /* en */,
			);
			name = MainStoryboard_iPhone.storyboard;
			sourceTree = "<group>";
		};
		4270166813D5C61E003659AE /* MainStoryboard_iPad.storyboard */ = {
			isa = PBXVariantGroup;
			children = (
				4270166913D5C61E003659AE /* en */,
			);
			name = MainStoryboard_iPad.storyboard;
			sourceTree = "<group>";
		};
/* End PBXVariantGroup section */

/* Begin XCBuildConfiguration section */
		4270167B13D5C61F003659AE /* Debug */ = {
			isa = XCBuildConfiguration;
			buildSettings = {
				ALWAYS_SEARCH_USER_PATHS = NO;
				ARCHS = "$(ARCHS_STANDARD_32_BIT)";
				CLANG_ENABLE_OBJC_ARC = YES;
				"CODE_SIGN_IDENTITY[sdk=iphoneos*]" = "iPhone Developer";
				COPY_PHASE_STRIP = NO;
				GCC_C_LANGUAGE_STANDARD = gnu99;
				GCC_DYNAMIC_NO_PIC = NO;
				GCC_OPTIMIZATION_LEVEL = 0;
				GCC_PREPROCESSOR_DEFINITIONS = (
					"DEBUG=1",
					"$(inherited)",
				);
				GCC_SYMBOLS_PRIVATE_EXTERN = NO;
				GCC_VERSION = com.apple.compilers.llvm.clang.1_0;
				GCC_WARN_ABOUT_MISSING_PROTOTYPES = YES;
				GCC_WARN_ABOUT_RETURN_TYPE = YES;
				GCC_WARN_UNUSED_VARIABLE = YES;
				IPHONEOS_DEPLOYMENT_TARGET = 5.0;
				SDKROOT = iphoneos;
				TARGETED_DEVICE_FAMILY = "1,2";
			};
			name = Debug;
		};
		4270167C13D5C61F003659AE /* Release */ = {
			isa = XCBuildConfiguration;
			buildSettings = {
				ALWAYS_SEARCH_USER_PATHS = NO;
				ARCHS = "$(ARCHS_STANDARD_32_BIT)";
				CLANG_ENABLE_OBJC_ARC = YES;
				"CODE_SIGN_IDENTITY[sdk=iphoneos*]" = "iPhone Developer";
				COPY_PHASE_STRIP = YES;
				GCC_C_LANGUAGE_STANDARD = gnu99;
				GCC_VERSION = com.apple.compilers.llvm.clang.1_0;
				GCC_WARN_ABOUT_MISSING_PROTOTYPES = YES;
				GCC_WARN_ABOUT_RETURN_TYPE = YES;
				GCC_WARN_UNUSED_VARIABLE = YES;
				IPHONEOS_DEPLOYMENT_TARGET = 5.0;
				OTHER_CFLAGS = "-DNS_BLOCK_ASSERTIONS=1";
				SDKROOT = iphoneos;
				TARGETED_DEVICE_FAMILY = "1,2";
				VALIDATE_PRODUCT = YES;
			};
			name = Release;
		};
		4270167E13D5C61F003659AE /* Debug */ = {
			isa = XCBuildConfiguration;
			buildSettings = {
				GCC_PRECOMPILE_PREFIX_HEADER = YES;
				GCC_PREFIX_HEADER = "SMART3QA/SMART3QA-Prefix.pch";
				INFOPLIST_FILE = "SMART3QA/SMART3QA-Info.plist";
				PRODUCT_NAME = "$(TARGET_NAME)";
				WRAPPER_EXTENSION = app;
			};
			name = Debug;
		};
		4270167F13D5C61F003659AE /* Release */ = {
			isa = XCBuildConfiguration;
			buildSettings = {
				GCC_PRECOMPILE_PREFIX_HEADER = YES;
				GCC_PREFIX_HEADER = "SMART3QA/SMART3QA-Prefix.pch";
				INFOPLIST_FILE = "SMART3QA/SMART3QA-Info.plist";
				PRODUCT_NAME = "$(TARGET_NAME)";
				WRAPPER_EXTENSION = app;
			};
			name = Release;
		};
		42A4882E13E09EBB007316B4 /* Ad Hoc */ = {
			isa = XCBuildConfiguration;
			buildSettings = {
				ALWAYS_SEARCH_USER_PATHS = NO;
				ARCHS = "$(ARCHS_STANDARD_32_BIT)";
				CLANG_ENABLE_OBJC_ARC = YES;
				"CODE_SIGN_IDENTITY[sdk=iphoneos*]" = "iPhone Developer";
				COPY_PHASE_STRIP = YES;
				GCC_C_LANGUAGE_STANDARD = gnu99;
				GCC_VERSION = com.apple.compilers.llvm.clang.1_0;
				GCC_WARN_ABOUT_MISSING_PROTOTYPES = YES;
				GCC_WARN_ABOUT_RETURN_TYPE = YES;
				GCC_WARN_UNUSED_VARIABLE = YES;
				IPHONEOS_DEPLOYMENT_TARGET = 5.0;
				OTHER_CFLAGS = "-DNS_BLOCK_ASSERTIONS=1";
				SDKROOT = iphoneos;
				TARGETED_DEVICE_FAMILY = "1,2";
				VALIDATE_PRODUCT = YES;
			};
			name = "Ad Hoc";
		};
		42A4882F13E09EBB007316B4 /* Ad Hoc */ = {
			isa = XCBuildConfiguration;
			buildSettings = {
				GCC_PRECOMPILE_PREFIX_HEADER = YES;
				GCC_PREFIX_HEADER = "SMART3QA/SMART3QA-Prefix.pch";
				INFOPLIST_FILE = "SMART3QA/SMART3QA-Info.plist";
				PRODUCT_NAME = "$(TARGET_NAME)";
				WRAPPER_EXTENSION = app;
			};
			name = "Ad Hoc";
		};
/* End XCBuildConfiguration section */

/* Begin XCConfigurationList section */
		4270164913D5C61D003659AE /* Build configuration list for PBXProject "SMART3QA" */ = {
			isa = XCConfigurationList;
			buildConfigurations = (
				4270167B13D5C61F003659AE /* Debug */,
				4270167C13D5C61F003659AE /* Release */,
				42A4882E13E09EBB007316B4 /* Ad Hoc */,
			);
			defaultConfigurationIsVisible = 0;
			defaultConfigurationName = Release;
		};
		4270167D13D5C61F003659AE /* Build configuration list for PBXNativeTarget "SMART3QA" */ = {
			isa = XCConfigurationList;
			buildConfigurations = (
				4270167E13D5C61F003659AE /* Debug */,
				4270167F13D5C61F003659AE /* Release */,
				42A4882F13E09EBB007316B4 /* Ad Hoc */,
			);
			defaultConfigurationIsVisible = 0;
			defaultConfigurationName = Release;
		};
/* End XCConfigurationList section */
	};
	rootObject = 4270164613D5C61D003659AE /* Project object */;
}
